Microsoft Visual Studio Solution File, Format Version 12.00
# Visual Studio Version 17
VisualStudioVersion = 17.5.2.0
MinimumVisualStudioVersion = 10.0.40219.1
Project("{FAE04EC0-301F-11D3-BF4B-00C04F79EFBC}") = "AzurePhotoFlow.Tests.Utilities", "AzurePhotoFlow.Tests.Utilities.csproj", "{5F09A942-FB57-1789-D7D3-BBC88311D3EA}"
EndProject
Global
	GlobalSection(SolutionConfigurationPlatforms) = preSolution
		Debug|Any CPU = Debug|Any CPU
		Release|Any CPU = Release|Any CPU
	EndGlobalSection
	GlobalSection(ProjectConfigurationPlatforms) = postSolution
		{5F09A942-FB57-1789-D7D3-BBC88311D3EA}.Debug|Any CPU.ActiveCfg = Debug|Any CPU
		{5F09A942-FB57-1789-D7D3-BBC88311D3EA}.Debug|Any CPU.Build.0 = Debug|Any CPU
		{5F09A942-FB57-1789-D7D3-BBC88311D3EA}.Release|Any CPU.ActiveCfg = Release|Any CPU
		{5F09A942-FB57-1789-D7D3-BBC88311D3EA}.Release|Any CPU.Build.0 = Release|Any CPU
	EndGlobalSection
	GlobalSection(SolutionProperties) = preSolution
		HideSolutionNode = FALSE
	EndGlobalSection
	GlobalSection(ExtensibilityGlobals) = postSolution
		SolutionGuid = {CB1B17DD-7A85-40E0-9F37-4EB52DF2A324}
	EndGlobalSection
EndGlobal
